
Microsoft Visual Studio Solution File, Format Version 12.00
# Visual Studio Version 17
VisualStudioVersion = 17.8.34330.188
MinimumVisualStudioVersion = 10.0.40219.1
Project("{9A19103F-16F7-4668-BE54-9A1E7A4F7556}") = "ConsoleApp.OutputDemo", "ConsoleApp.OutputDemo\ConsoleApp.OutputDemo.csproj", "{EAA4E996-C36B-4344-B583-6EF4AC8D1CA4}"
EndProject
Project("{9A19103F-16F7-4668-BE54-9A1E7A4F7556}") = "ConsoleApp.VariableDemo", "ConsoleApp.VariableDemo\ConsoleApp.VariableDemo.csproj", "{2B3C82C8-B419-455D-B216-3DDC638D38A5}"
EndProject
Project("{9A19103F-16F7-4668-BE54-9A1E7A4F7556}") = "ConsoleApp.DemoExercise1", "ConsoleApp.DemoExercise1\ConsoleApp.DemoExercise1.csproj", "{E168DDE8-50FE-4B2C-8892-05AE9CE97780}"
EndProject
Project("{9A19103F-16F7-4668-BE54-9A1E7A4F7556}") = "ConsoleApp.DemoExercise2", "ConsoleApp.DemoExercise2\ConsoleApp.DemoExercise2.csproj", "{DFC583C1-E35E-454C-8C77-4FFF4E32AC89}"
EndProject
Project("{FAE04EC0-301F-11D3-BF4B-00C04F79EFBC}") = "ConsoleApp.MethodDemo", "ConsoleApp.MethodDemo\ConsoleApp.MethodDemo.csproj", "{CE2DE525-B878-4146-972E-CF11ECD7CA97}"
EndProject
Project("{FAE04EC0-301F-11D3-BF4B-00C04F79EFBC}") = "ConsoleApp.StringManipulationDemo", "ConsoleApp.StringManipulationDemo\ConsoleApp.StringManipulationDemo.csproj", "{3C84BE53-D785-4F0F-A9C0-89BADCA829F8}"
EndProject
Project("{FAE04EC0-301F-11D3-BF4B-00C04F79EFBC}") = "ConsoleApp.ListCollectionsDemo", "ConsoleApp.ListCollectionsDemo\ConsoleApp.ListCollectionsDemo.csproj", "{CA70F90C-04B8-4C32-B6D6-8E3BDB87D537}"
EndProject
Global
	GlobalSection(SolutionConfigurationPlatforms) = preSolution
		Debug|Any CPU = Debug|Any CPU
		Release|Any CPU = Release|Any CPU
	EndGlobalSection
	GlobalSection(ProjectConfigurationPlatforms) = postSolution
		{EAA4E996-C36B-4344-B583-6EF4AC8D1CA4}.Debug|Any CPU.ActiveCfg = Debug|Any CPU
		{EAA4E996-C36B-4344-B583-6EF4AC8D1CA4}.Debug|Any CPU.Build.0 = Debug|Any CPU
		{EAA4E996-C36B-4344-B583-6EF4AC8D1CA4}.Release|Any CPU.ActiveCfg = Release|Any CPU
		{EAA4E996-C36B-4344-B583-6EF4AC8D1CA4}.Release|Any CPU.Build.0 = Release|Any CPU
		{2B3C82C8-B419-455D-B216-3DDC638D38A5}.Debug|Any CPU.ActiveCfg = Debug|Any CPU
		{2B3C82C8-B419-455D-B216-3DDC638D38A5}.Debug|Any CPU.Build.0 = Debug|Any CPU
		{2B3C82C8-B419-455D-B216-3DDC638D38A5}.Release|Any CPU.ActiveCfg = Release|Any CPU
		{2B3C82C8-B419-455D-B216-3DDC638D38A5}.Release|Any CPU.Build.0 = Release|Any CPU
		{E168DDE8-50FE-4B2C-8892-05AE9CE97780}.Debug|Any CPU.ActiveCfg = Debug|Any CPU
		{E168DDE8-50FE-4B2C-8892-05AE9CE97780}.Debug|Any CPU.Build.0 = Debug|Any CPU
		{E168DDE8-50FE-4B2C-8892-05AE9CE97780}.Release|Any CPU.ActiveCfg = Release|Any CPU
		{E168DDE8-50FE-4B2C-8892-05AE9CE97780}.Release|Any CPU.Build.0 = Release|Any CPU
		{DFC583C1-E35E-454C-8C77-4FFF4E32AC89}.Debug|Any CPU.ActiveCfg = Debug|Any CPU
		{DFC583C1-E35E-454C-8C77-4FFF4E32AC89}.Debug|Any CPU.Build.0 = Debug|Any CPU
		{DFC583C1-E35E-454C-8C77-4FFF4E32AC89}.Release|Any CPU.ActiveCfg = Release|Any CPU
		{DFC583C1-E35E-454C-8C77-4FFF4E32AC89}.Release|Any CPU.Build.0 = Release|Any CPU
		{CE2DE525-B878-4146-972E-CF11ECD7CA97}.Debug|Any CPU.ActiveCfg = Debug|Any CPU
		{CE2DE525-B878-4146-972E-CF11ECD7CA97}.Debug|Any CPU.Build.0 = Debug|Any CPU
		{CE2DE525-B878-4146-972E-CF11ECD7CA97}.Release|Any CPU.ActiveCfg = Release|Any CPU
		{CE2DE525-B878-4146-972E-CF11ECD7CA97}.Release|Any CPU.Build.0 = Release|Any CPU
		{3C84BE53-D785-4F0F-A9C0-89BADCA829F8}.Debug|Any CPU.ActiveCfg = Debug|Any CPU
		{3C84BE53-D785-4F0F-A9C0-89BADCA829F8}.Debug|Any CPU.Build.0 = Debug|Any CPU
		{3C84BE53-D785-4F0F-A9C0-89BADCA829F8}.Release|Any CPU.ActiveCfg = Release|Any CPU
		{3C84BE53-D785-4F0F-A9C0-89BADCA829F8}.Release|Any CPU.Build.0 = Release|Any CPU
		{CA70F90C-04B8-4C32-B6D6-8E3BDB87D537}.Debug|Any CPU.ActiveCfg = Debug|Any CPU
		{CA70F90C-04B8-4C32-B6D6-8E3BDB87D537}.Debug|Any CPU.Build.0 = Debug|Any CPU
		{CA70F90C-04B8-4C32-B6D6-8E3BDB87D537}.Release|Any CPU.ActiveCfg = Release|Any CPU
		{CA70F90C-04B8-4C32-B6D6-8E3BDB87D537}.Release|Any CPU.Build.0 = Release|Any CPU
	EndGlobalSection
	GlobalSection(SolutionProperties) = preSolution
		HideSolutionNode = FALSE
	EndGlobalSection
	GlobalSection(ExtensibilityGlobals) = postSolution
		SolutionGuid = {C79DB670-005B-4793-AC9D-4B1796A1D51F}
	EndGlobalSection
EndGlobal
